// !$*UTF8*$!
{
	archiveVersion = 1;
	classes = {
	};
	objectVersion = 48;
	objects = {

/* Begin PBXBuildFile section */
		C20414FE21534EB500BB99EB /* BigImageRoateScaleVC.swift in Sources */ = {isa = PBXBuildFile; fileRef = C20414FD21534EB500BB99EB /* BigImageRoateScaleVC.swift */; };
		C22C807520B4653700F26574 /* Assets.xcassets in Resources */ = {isa = PBXBuildFile; fileRef = C22C807420B4653700F26574 /* Assets.xcassets */; };
		C22C808320B4653700F26574 /* TDFSwiftDemoTests.swift in Sources */ = {isa = PBXBuildFile; fileRef = C22C808220B4653700F26574 /* TDFSwiftDemoTests.swift */; };
		C22C808E20B4653700F26574 /* TDFSwiftDemoUITests.swift in Sources */ = {isa = PBXBuildFile; fileRef = C22C808D20B4653700F26574 /* TDFSwiftDemoUITests.swift */; };
		C26078FC20B4716D00742502 /* AppDelegate.swift in Sources */ = {isa = PBXBuildFile; fileRef = C26078F920B4716D00742502 /* AppDelegate.swift */; };
		C276C18520E621EF005F9B4D /* BaseUIViewController.swift in Sources */ = {isa = PBXBuildFile; fileRef = C276C18420E621EF005F9B4D /* BaseUIViewController.swift */; };
		C276C18720E6220D005F9B4D /* BaseUINavigationController.swift in Sources */ = {isa = PBXBuildFile; fileRef = C276C18620E6220D005F9B4D /* BaseUINavigationController.swift */; };
		C276C18920E62238005F9B4D /* MyUITabBarController.swift in Sources */ = {isa = PBXBuildFile; fileRef = C276C18820E62238005F9B4D /* MyUITabBarController.swift */; };
		C276C18B20E62259005F9B4D /* MeVC.swift in Sources */ = {isa = PBXBuildFile; fileRef = C276C18A20E62259005F9B4D /* MeVC.swift */; };
		C276C18D20E62269005F9B4D /* HomeVC.swift in Sources */ = {isa = PBXBuildFile; fileRef = C276C18C20E62269005F9B4D /* HomeVC.swift */; };
		C276C19020E6370A005F9B4D /* GlobalValue.swift in Sources */ = {isa = PBXBuildFile; fileRef = C276C18F20E6370A005F9B4D /* GlobalValue.swift */; };
/* End PBXBuildFile section */

/* Begin PBXContainerItemProxy section */
		C22C807F20B4653700F26574 /* PBXContainerItemProxy */ = {
			isa = PBXContainerItemProxy;
			containerPortal = C22C806220B4653600F26574 /* Project object */;
			proxyType = 1;
			remoteGlobalIDString = C22C806920B4653700F26574;
			remoteInfo = TDFSwiftDemo;
		};
		C22C808A20B4653700F26574 /* PBXContainerItemProxy */ = {
			isa = PBXContainerItemProxy;
			containerPortal = C22C806220B4653600F26574 /* Project object */;
			proxyType = 1;
			remoteGlobalIDString = C22C806920B4653700F26574;
			remoteInfo = TDFSwiftDemo;
		};
/* End PBXContainerItemProxy section */

/* Begin PBXFileReference section */
		C20414FD21534EB500BB99EB /* BigImageRoateScaleVC.swift */ = {isa = PBXFileReference; lastKnownFileType = sourcecode.swift; path = BigImageRoateScaleVC.swift; sourceTree = "<group>"; };
		C22C806A20B4653700F26574 /* TDFSwiftDemo.app */ = {isa = PBXFileReference; explicitFileType = wrapper.application; includeInIndex = 0; path = TDFSwiftDemo.app; sourceTree = BUILT_PRODUCTS_DIR; };
		C22C807420B4653700F26574 /* Assets.xcassets */ = {isa = PBXFileReference; lastKnownFileType = folder.assetcatalog; path = Assets.xcassets; sourceTree = "<group>"; };
		C22C807920B4653700F26574 /* Info.plist */ = {isa = PBXFileReference; lastKnownFileType = text.plist.xml; path = Info.plist; sourceTree = "<group>"; };
		C22C807E20B4653700F26574 /* TDFSwiftDemoTests.xctest */ = {isa = PBXFileReference; explicitFileType = wrapper.cfbundle; includeInIndex = 0; path = TDFSwiftDemoTests.xctest; sourceTree = BUILT_PRODUCTS_DIR; };
		C22C808220B4653700F26574 /* TDFSwiftDemoTests.swift */ = {isa = PBXFileReference; lastKnownFileType = sourcecode.swift; path = TDFSwiftDemoTests.swift; sourceTree = "<group>"; };
		C22C808420B4653700F26574 /* Info.plist */ = {isa = PBXFileReference; lastKnownFileType = text.plist.xml; path = Info.plist; sourceTree = "<group>"; };
		C22C808920B4653700F26574 /* TDFSwiftDemoUITests.xctest */ = {isa = PBXFileReference; explicitFileType = wrapper.cfbundle; includeInIndex = 0; path = TDFSwiftDemoUITests.xctest; sourceTree = BUILT_PRODUCTS_DIR; };
		C22C808D20B4653700F26574 /* TDFSwiftDemoUITests.swift */ = {isa = PBXFileReference; lastKnownFileType = sourcecode.swift; path = TDFSwiftDemoUITests.swift; sourceTree = "<group>"; };
		C22C808F20B4653700F26574 /* Info.plist */ = {isa = PBXFileReference; lastKnownFileType = text.plist.xml; path = Info.plist; sourceTree = "<group>"; };
		C26078F920B4716D00742502 /* AppDelegate.swift */ = {isa = PBXFileReference; fileEncoding = 4; lastKnownFileType = sourcecode.swift; path = AppDelegate.swift; sourceTree = "<group>"; };
		C276C18420E621EF005F9B4D /* BaseUIViewController.swift */ = {isa = PBXFileReference; lastKnownFileType = sourcecode.swift; path = BaseUIViewController.swift; sourceTree = "<group>"; };
		C276C18620E6220D005F9B4D /* BaseUINavigationController.swift */ = {isa = PBXFileReference; lastKnownFileType = sourcecode.swift; path = BaseUINavigationController.swift; sourceTree = "<group>"; };
		C276C18820E62238005F9B4D /* MyUITabBarController.swift */ = {isa = PBXFileReference; lastKnownFileType = sourcecode.swift; path = MyUITabBarController.swift; sourceTree = "<group>"; };
		C276C18A20E62259005F9B4D /* MeVC.swift */ = {isa = PBXFileReference; lastKnownFileType = sourcecode.swift; path = MeVC.swift; sourceTree = "<group>"; };
		C276C18C20E62269005F9B4D /* HomeVC.swift */ = {isa = PBXFileReference; lastKnownFileType = sourcecode.swift; path = HomeVC.swift; sourceTree = "<group>"; };
		C276C18F20E6370A005F9B4D /* GlobalValue.swift */ = {isa = PBXFileReference; lastKnownFileType = sourcecode.swift; path = GlobalValue.swift; sourceTree = "<group>"; };
/* End PBXFileReference section */

/* Begin PBXFrameworksBuildPhase section */
		C22C806720B4653700F26574 /* Frameworks */ = {
			isa = PBXFrameworksBuildPhase;
			buildActionMask = 2147483647;
			files = (
			);
			runOnlyForDeploymentPostprocessing = 0;
		};
		C22C807B20B4653700F26574 /* Frameworks */ = {
			isa = PBXFrameworksBuildPhase;
			buildActionMask = 2147483647;
			files = (
			);
			runOnlyForDeploymentPostprocessing = 0;
		};
		C22C808620B4653700F26574 /* Frameworks */ = {
			isa = PBXFrameworksBuildPhase;
			buildActionMask = 2147483647;
			files = (
			);
			runOnlyForDeploymentPostprocessing = 0;
		};
/* End PBXFrameworksBuildPhase section */

/* Begin PBXGroup section */
		C22C806120B4653600F26574 = {
			isa = PBXGroup;
			children = (
				C22C806C20B4653700F26574 /* TDFSwiftDemo */,
				C22C808120B4653700F26574 /* TDFSwiftDemoTests */,
				C22C808C20B4653700F26574 /* TDFSwiftDemoUITests */,
				C22C806B20B4653700F26574 /* Products */,
			);
			sourceTree = "<group>";
		};
		C22C806B20B4653700F26574 /* Products */ = {
			isa = PBXGroup;
			children = (
				C22C806A20B4653700F26574 /* TDFSwiftDemo.app */,
				C22C807E20B4653700F26574 /* TDFSwiftDemoTests.xctest */,
				C22C808920B4653700F26574 /* TDFSwiftDemoUITests.xctest */,
			);
			name = Products;
			sourceTree = "<group>";
		};
		C22C806C20B4653700F26574 /* TDFSwiftDemo */ = {
			isa = PBXGroup;
			children = (
				C276C17620E61FBC005F9B4D /* Expand */,
				C276C17720E61FBC005F9B4D /* Vender */,
				C26078F720B4716D00742502 /* Classes */,
				C22C807420B4653700F26574 /* Assets.xcassets */,
				C22C807920B4653700F26574 /* Info.plist */,
				C276C18F20E6370A005F9B4D /* GlobalValue.swift */,
			);
			path = TDFSwiftDemo;
			sourceTree = "<group>";
		};
		C22C808120B4653700F26574 /* TDFSwiftDemoTests */ = {
			isa = PBXGroup;
			children = (
				C22C808220B4653700F26574 /* TDFSwiftDemoTests.swift */,
				C22C808420B4653700F26574 /* Info.plist */,
			);
			path = TDFSwiftDemoTests;
			sourceTree = "<group>";
		};
		C22C808C20B4653700F26574 /* TDFSwiftDemoUITests */ = {
			isa = PBXGroup;
			children = (
				C22C808D20B4653700F26574 /* TDFSwiftDemoUITests.swift */,
				C22C808F20B4653700F26574 /* Info.plist */,
			);
			path = TDFSwiftDemoUITests;
			sourceTree = "<group>";
		};
		C26078F720B4716D00742502 /* Classes */ = {
			isa = PBXGroup;
			children = (
				C276C17C20E621A8005F9B4D /* Home */,
				C276C18020E621A8005F9B4D /* Main */,
				C276C17820E621A8005F9B4D /* Me */,
				C26078F820B4716D00742502 /* Other */,
			);
			path = Classes;
			sourceTree = "<group>";
		};
		C26078F820B4716D00742502 /* Other */ = {
			isa = PBXGroup;
			children = (
				C26078F920B4716D00742502 /* AppDelegate.swift */,
			);
			path = Other;
			sourceTree = "<group>";
		};
		C276C17620E61FBC005F9B4D /* Expand */ = {
			isa = PBXGroup;
			children = (
			);
			path = Expand;
			sourceTree = "<group>";
		};
		C276C17720E61FBC005F9B4D /* Vender */ = {
			isa = PBXGroup;
			children = (
			);
			path = Vender;
			sourceTree = "<group>";
		};
		C276C17820E621A8005F9B4D /* Me */ = {
			isa = PBXGroup;
			children = (
				C276C17920E621A8005F9B4D /* Controller */,
				C276C17A20E621A8005F9B4D /* Model */,
				C276C17B20E621A8005F9B4D /* View */,
			);
			path = Me;
			sourceTree = "<group>";
		};
		C276C17920E621A8005F9B4D /* Controller */ = {
			isa = PBXGroup;
			children = (
				C276C18A20E62259005F9B4D /* MeVC.swift */,
			);
			path = Controller;
			sourceTree = "<group>";
		};
		C276C17A20E621A8005F9B4D /* Model */ = {
			isa = PBXGroup;
			children = (
			);
			path = Model;
			sourceTree = "<group>";
		};
		C276C17B20E621A8005F9B4D /* View */ = {
			isa = PBXGroup;
			children = (
			);
			path = View;
			sourceTree = "<group>";
		};
		C276C17C20E621A8005F9B4D /* Home */ = {
			isa = PBXGroup;
			children = (
				C276C17D20E621A8005F9B4D /* Controller */,
				C276C17E20E621A8005F9B4D /* Model */,
				C276C17F20E621A8005F9B4D /* View */,
			);
			path = Home;
			sourceTree = "<group>";
		};
		C276C17D20E621A8005F9B4D /* Controller */ = {
			isa = PBXGroup;
			children = (
				C276C18C20E62269005F9B4D /* HomeVC.swift */,
				C20414FD21534EB500BB99EB /* BigImageRoateScaleVC.swift */,
			);
			path = Controller;
			sourceTree = "<group>";
		};
		C276C17E20E621A8005F9B4D /* Model */ = {
			isa = PBXGroup;
			children = (
			);
			path = Model;
			sourceTree = "<group>";
		};
		C276C17F20E621A8005F9B4D /* View */ = {
			isa = PBXGroup;
			children = (
			);
			path = View;
			sourceTree = "<group>";
		};
		C276C18020E621A8005F9B4D /* Main */ = {
			isa = PBXGroup;
			children = (
				C276C18120E621A8005F9B4D /* Controller */,
				C276C18220E621A8005F9B4D /* Model */,
				C276C18320E621A8005F9B4D /* View */,
			);
			path = Main;
			sourceTree = "<group>";
		};
		C276C18120E621A8005F9B4D /* Controller */ = {
			isa = PBXGroup;
			children = (
				C276C18420E621EF005F9B4D /* BaseUIViewController.swift */,
				C276C18620E6220D005F9B4D /* BaseUINavigationController.swift */,
				C276C18820E62238005F9B4D /* MyUITabBarController.swift */,
			);
			path = Controller;
			sourceTree = "<group>";
		};
		C276C18220E621A8005F9B4D /* Model */ = {
			isa = PBXGroup;
			children = (
			);
			path = Model;
			sourceTree = "<group>";
		};
		C276C18320E621A8005F9B4D /* View */ = {
			isa = PBXGroup;
			children = (
			);
			path = View;
			sourceTree = "<group>";
		};
/* End PBXGroup section */

/* Begin PBXNativeTarget section */
		C22C806920B4653700F26574 /* TDFSwiftDemo */ = {
			isa = PBXNativeTarget;
			buildConfigurationList = C22C809220B4653700F26574 /* Build configuration list for PBXNativeTarget "TDFSwiftDemo" */;
			buildPhases = (
				C22C806620B4653700F26574 /* Sources */,
				C22C806720B4653700F26574 /* Frameworks */,
				C22C806820B4653700F26574 /* Resources */,
			);
			buildRules = (
			);
			dependencies = (
			);
			name = TDFSwiftDemo;
			productName = TDFSwiftDemo;
			productReference = C22C806A20B4653700F26574 /* TDFSwiftDemo.app */;
			productType = "com.apple.product-type.application";
		};
		C22C807D20B4653700F26574 /* TDFSwiftDemoTests */ = {
			isa = PBXNativeTarget;
			buildConfigurationList = C22C809520B4653700F26574 /* Build configuration list for PBXNativeTarget "TDFSwiftDemoTests" */;
			buildPhases = (
				C22C807A20B4653700F26574 /* Sources */,
				C22C807B20B4653700F26574 /* Frameworks */,
				C22C807C20B4653700F26574 /* Resources */,
			);
			buildRules = (
			);
			dependencies = (
				C22C808020B4653700F26574 /* PBXTargetDependency */,
			);
			name = TDFSwiftDemoTests;
			productName = TDFSwiftDemoTests;
			productReference = C22C807E20B4653700F26574 /* TDFSwiftDemoTests.xctest */;
			productType = "com.apple.product-type.bundle.unit-test";
		};
		C22C808820B4653700F26574 /* TDFSwiftDemoUITests */ = {
			isa = PBXNativeTarget;
			buildConfigurationList = C22C809820B4653700F26574 /* Build configuration list for PBXNativeTarget "TDFSwiftDemoUITests" */;
			buildPhases = (
				C22C808520B4653700F26574 /* Sources */,
				C22C808620B4653700F26574 /* Frameworks */,
				C22C808720B4653700F26574 /* Resources */,
			);
			buildRules = (
			);
			dependencies = (
				C22C808B20B4653700F26574 /* PBXTargetDependency */,
			);
			name = TDFSwiftDemoUITests;
			productName = TDFSwiftDemoUITests;
			productReference = C22C808920B4653700F26574 /* TDFSwiftDemoUITests.xctest */;
			productType = "com.apple.product-type.bundle.ui-testing";
		};
/* End PBXNativeTarget section */

/* Begin PBXProject section */
		C22C806220B4653600F26574 /* Project object */ = {
			isa = PBXProject;
			attributes = {
				LastSwiftUpdateCheck = 0900;
				LastUpgradeCheck = 0900;
				ORGANIZATIONNAME = tangdanfeng;
				TargetAttributes = {
					C22C806920B4653700F26574 = {
						CreatedOnToolsVersion = 9.0;
						ProvisioningStyle = Automatic;
					};
					C22C807D20B4653700F26574 = {
						CreatedOnToolsVersion = 9.0;
						ProvisioningStyle = Automatic;
						TestTargetID = C22C806920B4653700F26574;
					};
					C22C808820B4653700F26574 = {
						CreatedOnToolsVersion = 9.0;
						ProvisioningStyle = Automatic;
						TestTargetID = C22C806920B4653700F26574;
					};
				};
			};
			buildConfigurationList = C22C806520B4653600F26574 /* Build configuration list for PBXProject "TDFSwiftDemo" */;
			compatibilityVersion = "Xcode 8.0";
			developmentRegion = en;
			hasScannedForEncodings = 0;
			knownRegions = (
				en,
				Base,
			);
			mainGroup = C22C806120B4653600F26574;
			productRefGroup = C22C806B20B4653700F26574 /* Products */;
			projectDirPath = "";
			projectRoot = "";
			targets = (
				C22C806920B4653700F26574 /* TDFSwiftDemo */,
				C22C807D20B4653700F26574 /* TDFSwiftDemoTests */,
				C22C808820B4653700F26574 /* TDFSwiftDemoUITests */,
			);
		};
/* End PBXProject section */

/* Begin PBXResourcesBuildPhase section */
		C22C806820B4653700F26574 /* Resources */ = {
			isa = PBXResourcesBuildPhase;
			buildActionMask = 2147483647;
			files = (
				C22C807520B4653700F26574 /* Assets.xcassets in Resources */,
			);
			runOnlyForDeploymentPostprocessing = 0;
		};
		C22C807C20B4653700F26574 /* Resources */ = {
			isa = PBXResourcesBuildPhase;
			buildActionMask = 2147483647;
			files = (
			);
			runOnlyForDeploymentPostprocessing = 0;
		};
		C22C808720B4653700F26574 /* Resources */ = {
			isa = PBXResourcesBuildPhase;
			buildActionMask = 2147483647;
			files = (
			);
			runOnlyForDeploymentPostprocessing = 0;
		};
/* End PBXResourcesBuildPhase section */

/* Begin PBXSourcesBuildPhase section */
		C22C806620B4653700F26574 /* Sources */ = {
			isa = PBXSourcesBuildPhase;
			buildActionMask = 2147483647;
			files = (
				C276C18720E6220D005F9B4D /* BaseUINavigationController.swift in Sources */,
				C276C18D20E62269005F9B4D /* HomeVC.swift in Sources */,
				C276C18520E621EF005F9B4D /* BaseUIViewController.swift in Sources */,
				C276C19020E6370A005F9B4D /* GlobalValue.swift in Sources */,
				C276C18920E62238005F9B4D /* MyUITabBarController.swift in Sources */,
				C276C18B20E62259005F9B4D /* MeVC.swift in Sources */,
				C20414FE21534EB500BB99EB /* BigImageRoateScaleVC.swift in Sources */,
				C26078FC20B4716D00742502 /* AppDelegate.swift in Sources */,
			);
			runOnlyForDeploymentPostprocessing = 0;
		};
		C22C807A20B4653700F26574 /* Sources */ = {
			isa = PBXSourcesBuildPhase;
			buildActionMask = 2147483647;
			files = (
				C22C808320B4653700F26574 /* TDFSwiftDemoTests.swift in Sources */,
			);
			runOnlyForDeploymentPostprocessing = 0;
		};
		C22C808520B4653700F26574 /* Sources */ = {
			isa = PBXSourcesBuildPhase;
			buildActionMask = 2147483647;
			files = (
				C22C808E20B4653700F26574 /* TDFSwiftDemoUITests.swift in Sources */,
			);
			runOnlyForDeploymentPostprocessing = 0;
		};
/* End PBXSourcesBuildPhase section */

/* Begin PBXTargetDependency section */
		C22C808020B4653700F26574 /* PBXTargetDependency */ = {
			isa = PBXTargetDependency;
			target = C22C806920B4653700F26574 /* TDFSwiftDemo */;
			targetProxy = C22C807F20B4653700F26574 /* PBXContainerItemProxy */;
		};
		C22C808B20B4653700F26574 /* PBXTargetDependency */ = {
			isa = PBXTargetDependency;
			target = C22C806920B4653700F26574 /* TDFSwiftDemo */;
			targetProxy = C22C808A20B4653700F26574 /* PBXContainerItemProxy */;
		};
/* End PBXTargetDependency section */

/* Begin XCBuildConfiguration section */
		C22C809020B4653700F26574 /* Debug */ = {
			isa = XCBuildConfiguration;
			buildSettings = {
				ALWAYS_SEARCH_USER_PATHS = NO;
				CLANG_ANALYZER_NONNULL = YES;
				CLANG_ANALYZER_NUMBER_OBJECT_CONVERSION = YES_AGGRESSIVE;
				CLANG_CXX_LANGUAGE_STANDARD = "gnu++14";
				CLANG_CXX_LIBRARY = "libc++";
				CLANG_ENABLE_MODULES = YES;
				CLANG_ENABLE_OBJC_ARC = YES;
				CLANG_WARN_BLOCK_CAPTURE_AUTORELEASING = YES;
				CLANG_WARN_BOOL_CONVERSION = YES;
				CLANG_WARN_COMMA = YES;
				CLANG_WARN_CONSTANT_CONVERSION = YES;
				CLANG_WARN_DIRECT_OBJC_ISA_USAGE = YES_ERROR;
				CLANG_WARN_DOCUMENTATION_COMMENTS = YES;
				CLANG_WARN_EMPTY_BODY = YES;
				CLANG_WARN_ENUM_CONVERSION = YES;
				CLANG_WARN_INFINITE_RECURSION = YES;
				CLANG_WARN_INT_CONVERSION = YES;
				CLANG_WARN_NON_LITERAL_NULL_CONVERSION = YES;
				CLANG_WARN_OBJC_LITERAL_CONVERSION = YES;
				CLANG_WARN_OBJC_ROOT_CLASS = YES_ERROR;
				CLANG_WARN_RANGE_LOOP_ANALYSIS = YES;
				CLANG_WARN_STRICT_PROTOTYPES = YES;
				CLANG_WARN_SUSPICIOUS_MOVE = YES;
				CLANG_WARN_UNGUARDED_AVAILABILITY = YES_AGGRESSIVE;
				CLANG_WARN_UNREACHABLE_CODE = YES;
				CLANG_WARN__DUPLICATE_METHOD_MATCH = YES;
				CODE_SIGN_IDENTITY = "iPhone Developer";
				COPY_PHASE_STRIP = NO;
				DEBUG_INFORMATION_FORMAT = dwarf;
				ENABLE_STRICT_OBJC_MSGSEND = YES;
				ENABLE_TESTABILITY = YES;
				GCC_C_LANGUAGE_STANDARD = gnu11;
				GCC_DYNAMIC_NO_PIC = NO;
				GCC_NO_COMMON_BLOCKS = YES;
				GCC_OPTIMIZATION_LEVEL = 0;
				GCC_PREPROCESSOR_DEFINITIONS = (
					"DEBUG=1",
					"$(inherited)",
				);
				GCC_WARN_64_TO_32_BIT_CONVERSION = YES;
				GCC_WARN_ABOUT_RETURN_TYPE = YES_ERROR;
				GCC_WARN_UNDECLARED_SELECTOR = YES;
				GCC_WARN_UNINITIALIZED_AUTOS = YES_AGGRESSIVE;
				GCC_WARN_UNUSED_FUNCTION = YES;
				GCC_WARN_UNUSED_VARIABLE = YES;
				IPHONEOS_DEPLOYMENT_TARGET = 11.0;
				MTL_ENABLE_DEBUG_INFO = YES;
				ONLY_ACTIVE_ARCH = YES;
				SDKROOT = iphoneos;
				SWIFT_ACTIVE_COMPILATION_CONDITIONS = DEBUG;
				SWIFT_OPTIMIZATION_LEVEL = "-Onone";
			};
			name = Debug;
		};
		C22C809120B4653700F26574 /* Release */ = {
			isa = XCBuildConfiguration;
			buildSettings = {
				ALWAYS_SEARCH_USER_PATHS = NO;
				CLANG_ANALYZER_NONNULL = YES;
				CLANG_ANALYZER_NUMBER_OBJECT_CONVERSION = YES_AGGRESSIVE;
				CLANG_CXX_LANGUAGE_STANDARD = "gnu++14";
				CLANG_CXX_LIBRARY = "libc++";
				CLANG_ENABLE_MODULES = YES;
				CLANG_ENABLE_OBJC_ARC = YES;
				CLANG_WARN_BLOCK_CAPTURE_AUTORELEASING = YES;
				CLANG_WARN_BOOL_CONVERSION = YES;
				CLANG_WARN_COMMA = YES;
				CLANG_WARN_CONSTANT_CONVERSION = YES;
				CLANG_WARN_DIRECT_OBJC_ISA_USAGE = YES_ERROR;
				CLANG_WARN_DOCUMENTATION_COMMENTS = YES;
				CLANG_WARN_EMPTY_BODY = YES;
				CLANG_WARN_ENUM_CONVERSION = YES;
				CLANG_WARN_INFINITE_RECURSION = YES;
				CLANG_WARN_INT_CONVERSION = YES;
				CLANG_WARN_NON_LITERAL_NULL_CONVERSION = YES;
				CLANG_WARN_OBJC_LITERAL_CONVERSION = YES;
				CLANG_WARN_OBJC_ROOT_CLASS = YES_ERROR;
				CLANG_WARN_RANGE_LOOP_ANALYSIS = YES;
				CLANG_WARN_STRICT_PROTOTYPES = YES;
				CLANG_WARN_SUSPICIOUS_MOVE = YES;
				CLANG_WARN_UNGUARDED_AVAILABILITY = YES_AGGRESSIVE;
				CLANG_WARN_UNREACHABLE_CODE = YES;
				CLANG_WARN__DUPLICATE_METHOD_MATCH = YES;
				CODE_SIGN_IDENTITY = "iPhone Developer";
				COPY_PHASE_STRIP = NO;
				DEBUG_INFORMATION_FORMAT = "dwarf-with-dsym";
				ENABLE_NS_ASSERTIONS = NO;
				ENABLE_STRICT_OBJC_MSGSEND = YES;
				GCC_C_LANGUAGE_STANDARD = gnu11;
				GCC_NO_COMMON_BLOCKS = YES;
				GCC_WARN_64_TO_32_BIT_CONVERSION = YES;
				GCC_WARN_ABOUT_RETURN_TYPE = YES_ERROR;
				GCC_WARN_UNDECLARED_SELECTOR = YES;
				GCC_WARN_UNINITIALIZED_AUTOS = YES_AGGRESSIVE;
				GCC_WARN_UNUSED_FUNCTION = YES;
				GCC_WARN_UNUSED_VARIABLE = YES;
				IPHONEOS_DEPLOYMENT_TARGET = 11.0;
				MTL_ENABLE_DEBUG_INFO = NO;
				SDKROOT = iphoneos;
				SWIFT_OPTIMIZATION_LEVEL = "-Owholemodule";
				VALIDATE_PRODUCT = YES;
			};
			name = Release;
		};
		C22C809320B4653700F26574 /* Debug */ = {
			isa = XCBuildConfiguration;
			buildSettings = {
				ASSETCATALOG_COMPILER_APPICON_NAME = AppIcon;
				ASSETCATALOG_COMPILER_LAUNCHIMAGE_NAME = LaunchImage;
				CODE_SIGN_STYLE = Automatic;
				DEVELOPMENT_TEAM = A3M8M85CB4;
				GCC_PRECOMPILE_PREFIX_HEADER = YES;
				GCC_PREFIX_HEADER = TDFSwiftDemo/PrefixHeader.pch;
				INFOPLIST_FILE = TDFSwiftDemo/Info.plist;
				IPHONEOS_DEPLOYMENT_TARGET = 8.0;
				LD_RUNPATH_SEARCH_PATHS = "$(inherited) @executable_path/Frameworks";
				PRODUCT_BUNDLE_IDENTIFIER = com.honglu.TDFSwiftDemo;
				PRODUCT_NAME = "$(TARGET_NAME)";
				SWIFT_VERSION = 4.0;
				TARGETED_DEVICE_FAMILY = 1;
			};
			name = Debug;
		};
		C22C809420B4653700F26574 /* Release */ = {
			isa = XCBuildConfiguration;
			buildSettings = {
				ASSETCATALOG_COMPILER_APPICON_NAME = AppIcon;
				ASSETCATALOG_COMPILER_LAUNCHIMAGE_NAME = LaunchImage;
				CODE_SIGN_STYLE = Automatic;
				DEVELOPMENT_TEAM = A3M8M85CB4;
				GCC_PRECOMPILE_PREFIX_HEADER = YES;
				GCC_PREFIX_HEADER = TDFSwiftDemo/PrefixHeader.pch;
				INFOPLIST_FILE = TDFSwiftDemo/Info.plist;
				IPHONEOS_DEPLOYMENT_TARGET = 8.0;
				LD_RUNPATH_SEARCH_PATHS = "$(inherited) @executable_path/Frameworks";
				PRODUCT_BUNDLE_IDENTIFIER = com.honglu.TDFSwiftDemo;
				PRODUCT_NAME = "$(TARGET_NAME)";
				SWIFT_VERSION = 4.0;
				TARGETED_DEVICE_FAMILY = 1;
			};
			name = Release;
		};
		C22C809620B4653700F26574 /* Debug */ = {
			isa = XCBuildConfiguration;
			buildSettings = {
				ALWAYS_EMBED_SWIFT_STANDARD_LIBRARIES = YES;
				BUNDLE_LOADER = "$(TEST_HOST)";
				CODE_SIGN_STYLE = Automatic;
				INFOPLIST_FILE = TDFSwiftDemoTests/Info.plist;
				LD_RUNPATH_SEARCH_PATHS = "$(inherited) @executable_path/Frameworks @loader_path/Frameworks";
				PRODUCT_BUNDLE_IDENTIFIER = tangdanfeng.TDFSwiftDemoTests;
				PRODUCT_NAME = "$(TARGET_NAME)";
				SWIFT_VERSION = 4.0;
				TARGETED_DEVICE_FAMILY = "1,2";
				TEST_HOST = "$(BUILT_PRODUCTS_DIR)/TDFSwiftDemo.app/TDFSwiftDemo";
			};
			name = Debug;
		};
		C22C809720B4653700F26574 /* Release */ = {
			isa = XCBuildConfiguration;
			buildSettings = {
				ALWAYS_EMBED_SWIFT_STANDARD_LIBRARIES = YES;
				BUNDLE_LOADER = "$(TEST_HOST)";
				CODE_SIGN_STYLE = Automatic;
				INFOPLIST_FILE = TDFSwiftDemoTests/Info.plist;
				LD_RUNPATH_SEARCH_PATHS = "$(inherited) @executable_path/Frameworks @loader_path/Frameworks";
				PRODUCT_BUNDLE_IDENTIFIER = tangdanfeng.TDFSwiftDemoTests;
				PRODUCT_NAME = "$(TARGET_NAME)";
				SWIFT_VERSION = 4.0;
				TARGETED_DEVICE_FAMILY = "1,2";
				TEST_HOST = "$(BUILT_PRODUCTS_DIR)/TDFSwiftDemo.app/TDFSwiftDemo";
			};
			name = Release;
		};
		C22C809920B4653700F26574 /* Debug */ = {
			isa = XCBuildConfiguration;
			buildSettings = {
				ALWAYS_EMBED_SWIFT_STANDARD_LIBRARIES = YES;
				CODE_SIGN_STYLE = Automatic;
				INFOPLIST_FILE = TDFSwiftDemoUITests/Info.plist;
				LD_RUNPATH_SEARCH_PATHS = "$(inherited) @executable_path/Frameworks @loader_path/Frameworks";
				PRODUCT_BUNDLE_IDENTIFIER = tangdanfeng.TDFSwiftDemoUITests;
				PRODUCT_NAME = "$(TARGET_NAME)";
				SWIFT_VERSION = 4.0;
				TARGETED_DEVICE_FAMILY = "1,2";
				TEST_TARGET_NAME = TDFSwiftDemo;
			};
			name = Debug;
		};
		C22C809A20B4653700F26574 /* Release */ = {
			isa = XCBuildConfiguration;
			buildSettings = {
				ALWAYS_EMBED_SWIFT_STANDARD_LIBRARIES = YES;
				CODE_SIGN_STYLE = Automatic;
				INFOPLIST_FILE = TDFSwiftDemoUITests/Info.plist;
				LD_RUNPATH_SEARCH_PATHS = "$(inherited) @executable_path/Frameworks @loader_path/Frameworks";
				PRODUCT_BUNDLE_IDENTIFIER = tangdanfeng.TDFSwiftDemoUITests;
				PRODUCT_NAME = "$(TARGET_NAME)";
				SWIFT_VERSION = 4.0;
				TARGETED_DEVICE_FAMILY = "1,2";
				TEST_TARGET_NAME = TDFSwiftDemo;
			};
			name = Release;
		};
/* End XCBuildConfiguration section */

/* Begin XCConfigurationList section */
		C22C806520B4653600F26574 /* Build configuration list for PBXProject "TDFSwiftDemo" */ = {
			isa = XCConfigurationList;
			buildConfigurations = (
				C22C809020B4653700F26574 /* Debug */,
				C22C809120B4653700F26574 /* Release */,
			);
			defaultConfigurationIsVisible = 0;
			defaultConfigurationName = Release;
		};
		C22C809220B4653700F26574 /* Build configuration list for PBXNativeTarget "TDFSwiftDemo" */ = {
			isa = XCConfigurationList;
			buildConfigurations = (
				C22C809320B4653700F26574 /* Debug */,
				C22C809420B4653700F26574 /* Release */,
			);
			defaultConfigurationIsVisible = 0;
			defaultConfigurationName = Release;
		};
		C22C809520B4653700F26574 /* Build configuration list for PBXNativeTarget "TDFSwiftDemoTests" */ = {
			isa = XCConfigurationList;
			buildConfigurations = (
				C22C809620B4653700F26574 /* Debug */,
				C22C809720B4653700F26574 /* Release */,
			);
			defaultConfigurationIsVisible = 0;
			defaultConfigurationName = Release;
		};
		C22C809820B4653700F26574 /* Build configuration list for PBXNativeTarget "TDFSwiftDemoUITests" */ = {
			isa = XCConfigurationList;
			buildConfigurations = (
				C22C809920B4653700F26574 /* Debug */,
				C22C809A20B4653700F26574 /* Release */,
			);
			defaultConfigurationIsVisible = 0;
			defaultConfigurationName = Release;
		};
/* End XCConfigurationList section */
	};
	rootObject = C22C806220B4653600F26574 /* Project object */;
}
